{
    "_readme": [
        "This file locks the dependencies of your project to a known state",
        "Read more about it at https://getcomposer.org/doc/01-basic-usage.md#installing-dependencies",
        "This file is @generated automatically"
    ],
    "content-hash": "ade8e9eb60b60a4e4d0ac40cf9acc858",
    "packages": [],
    "packages-dev": [
        {
            "name": "phpstan/phpstan",
            "version": "2.1.15",
            "source": {
                "type": "git",
                "url": "https://github.com/phpstan/phpstan.git",
                "reference": "402d11c1aa40ae2e1c3a512e6a4edb957527b20b"
            },
            "dist": {
                "type": "zip",
                "url": "https://api.github.com/repos/phpstan/phpstan/zipball/402d11c1aa40ae2e1c3a512e6a4edb957527b20b",
                "reference": "402d11c1aa40ae2e1c3a512e6a4edb957527b20b",
                "shasum": ""
            },
            "require": {
                "php": "^7.4|^8.0"
            },
            "conflict": {
                "phpstan/phpstan-shim": "*"
            },
            "bin": [
                "phpstan",
                "phpstan.phar"
            ],
            "type": "library",
            "autoload": {
                "files": [
                    "bootstrap.php"
                ]
            },
            "notification-url": "https://packagist.org/downloads/",
            "license": [
                "MIT"
            ],
            "description": "PHPStan - PHP Static Analysis Tool",
            "keywords": [
                "dev",
                "static analysis"
            ],
            "support": {
                "docs": "https://phpstan.org/user-guide/getting-started",
                "forum": "https://github.com/phpstan/phpstan/discussions",
                "issues": "https://github.com/phpstan/phpstan/issues",
                "security": "https://github.com/phpstan/phpstan/security/policy",
                "source": "https://github.com/phpstan/phpstan-src"
            },
            "funding": [
                {
                    "url": "https://github.com/ondrejmirtes",
                    "type": "github"
                },
                {
                    "url": "https://github.com/phpstan",
                    "type": "github"
                }
            ],
            "time": "2025-05-14T11:16:08+00:00"
        },
        {
            "name": "rector/rector",
            "version": "2.0.16",
            "source": {
                "type": "git",
                "url": "https://github.com/rectorphp/rector.git",
                "reference": "f1366d1f8c7490541c8f7af6e5c7cef7cca1b5a2"
            },
            "dist": {
                "type": "zip",
                "url": "https://api.github.com/repos/rectorphp/rector/zipball/f1366d1f8c7490541c8f7af6e5c7cef7cca1b5a2",
                "reference": "f1366d1f8c7490541c8f7af6e5c7cef7cca1b5a2",
                "shasum": ""
            },
            "require": {
                "php": "^7.4|^8.0",
                "phpstan/phpstan": "^2.1.14"
            },
            "conflict": {
                "rector/rector-doctrine": "*",
                "rector/rector-downgrade-php": "*",
                "rector/rector-phpunit": "*",
                "rector/rector-symfony": "*"
            },
            "suggest": {
                "ext-dom": "To manipulate phpunit.xml via the custom-rule command"
            },
            "bin": [
                "bin/rector"
            ],
            "type": "library",
            "autoload": {
                "files": [
                    "bootstrap.php"
                ]
            },
            "notification-url": "https://packagist.org/downloads/",
            "license": [
                "MIT"
            ],
            "description": "Instant Upgrade and Automated Refactoring of any PHP code",
            "keywords": [
                "automation",
                "dev",
                "migration",
                "refactoring"
            ],
            "support": {
                "issues": "https://github.com/rectorphp/rector/issues",
                "source": "https://github.com/rectorphp/rector/tree/2.0.16"
            },
            "funding": [
                {
                    "url": "https://github.com/tomasvotruba",
                    "type": "github"
                }
            ],
            "time": "2025-05-12T16:37:16+00:00"
        },
        {
            "name": "tightenco/duster",
            "version": "v3.2.0",
            "source": {
                "type": "git",
                "url": "https://github.com/tighten/duster.git",
                "reference": "b311811719ed432613cd3e9ac14a5952fc7cb5c5"
            },
            "dist": {
                "type": "zip",
                "url": "https://api.github.com/repos/tighten/duster/zipball/b311811719ed432613cd3e9ac14a5952fc7cb5c5",
                "reference": "b311811719ed432613cd3e9ac14a5952fc7cb5c5",
                "shasum": ""
            },
            "require": {
                "php": "^8.2.0"
            },
            "require-dev": {
                "friendsofphp/php-cs-fixer": "^3.73",
                "laravel-zero/framework": "^11.36",
                "laravel/pint": "^1.21",
                "nunomaduro/termwind": "^2.0",
                "spatie/invade": "^1.1",
                "squizlabs/php_codesniffer": "^3.12",
                "tightenco/tlint": "^9.5"
            },
            "bin": [
                "builds/duster"
            ],
            "type": "project",
            "autoload": {
                "psr-4": {
                    "App\\": "app/"
                }
            },
            "notification-url": "https://packagist.org/downloads/",
            "license": [
                "MIT"
            ],
            "authors": [
                {
                    "name": "Matt Stauffer",
                    "email": "matt@tighten.com",
                    "homepage": "https://tighten.com",
                    "role": "Developer"
                },
                {
                    "name": "Anthony Clark",
                    "email": "anthony@tighten.com",
                    "homepage": "https://tighten.com",
                    "role": "Developer"
                }
            ],
            "description": "Automatic configuration for Laravel apps to apply Tighten's standard linting & code standards.",
            "homepage": "https://github.com/tighten/duster",
            "keywords": [
                "Code style",
                "duster",
                "laravel",
                "php",
                "tightenco"
            ],
            "support": {
                "issues": "https://github.com/tighten/duster/issues",
                "source": "https://github.com/tighten/duster"
            },
            "time": "2025-03-21T20:21:10+00:00"
        }
    ],
    "aliases": [],
    "minimum-stability": "stable",
    "stability-flags": [],
    "prefer-stable": false,
    "prefer-lowest": false,
    "platform": {
        "ext-pdo": "*"
    },
    "platform-dev": [],
    "plugin-api-version": "2.6.0"
}
